
Microsoft Visual Studio Solution File, Format Version 12.00
# Visual Studio Version 17
VisualStudioVersion = 17.2.32526.322
MinimumVisualStudioVersion = 10.0.40219.1
Project("{FAE04EC0-301F-11D3-BF4B-00C04F79EFBC}") = "Wfa.App", "src\Wfa.App\Wfa.App.csproj", "{2E55291B-EF15-4C09-97C6-76C789EE7AD4}"
EndProject
Project("{2150E333-8FDC-42A3-9474-1A3956D46DE8}") = "Toolkit", "Toolkit", "{BF7FA383-A02C-456E-81C9-44E36BF60C38}"
EndProject
Project("{9A19103F-16F7-4668-BE54-9A1E7A4F7556}") = "Toolkit.Interfaces", "src\Toolkit\Toolkit.Interfaces\Toolkit.Interfaces.csproj", "{26A805E7-83CA-48B2-B2B3-3C786E6436BA}"
EndProject
Project("{2150E333-8FDC-42A3-9474-1A3956D46DE8}") = "Provider", "Provider", "{D136CA8D-8385-430A-98A8-A6E22D5DB666}"
EndProject
Project("{9A19103F-16F7-4668-BE54-9A1E7A4F7556}") = "Provider.Interfaces", "src\Provider\Provider.Interfaces\Provider.Interfaces.csproj", "{5D7D2218-2FB3-45D5-88FF-645F07809858}"
EndProject
Project("{9A19103F-16F7-4668-BE54-9A1E7A4F7556}") = "Provider.Implementation", "src\Provider\Provider.Implementation\Provider.Implementation.csproj", "{10E68C04-C482-4CB4-BE48-C93F78BE4462}"
EndProject
Project("{2150E333-8FDC-42A3-9474-1A3956D46DE8}") = "Models", "Models", "{07E96B64-F3F9-483A-A5CA-BDD5F69622A2}"
EndProject
Project("{9A19103F-16F7-4668-BE54-9A1E7A4F7556}") = "Models.Community", "src\Models\Models.Community\Models.Community.csproj", "{0DE55C85-3F66-4BBB-9440-79508B1EBFF1}"
EndProject
Project("{9A19103F-16F7-4668-BE54-9A1E7A4F7556}") = "Models.Market", "src\Models\Models.Market\Models.Market.csproj", "{A03BF623-A01D-43F2-8FFE-131069E8C4CE}"
EndProject
Project("{9A19103F-16F7-4668-BE54-9A1E7A4F7556}") = "Models.Data", "src\Models\Models.Data\Models.Data.csproj", "{1D8683BF-5284-4FD2-8E57-8FDDAAFBDFFB}"
EndProject
Project("{9A19103F-16F7-4668-BE54-9A1E7A4F7556}") = "Models.Enums", "src\Models\Models.Enums\Models.Enums.csproj", "{E3C2B2A0-D5AB-44AB-AD4A-3D0C72365C80}"
EndProject
Project("{2150E333-8FDC-42A3-9474-1A3956D46DE8}") = "ViewModel", "ViewModel", "{DA7F0E94-32B6-451A-AADE-11D4E83F2938}"
EndProject
Project("{FAE04EC0-301F-11D3-BF4B-00C04F79EFBC}") = "ViewModel.Uwp", "src\ViewModel\ViewModel.Uwp\ViewModel.Uwp.csproj", "{F1BB38A9-6C97-43C1-9DD0-D80D36ACA647}"
EndProject
Project("{FAE04EC0-301F-11D3-BF4B-00C04F79EFBC}") = "Toolkit.Uwp", "src\Toolkit\Toolkit.Uwp\Toolkit.Uwp.csproj", "{B8597B2C-983A-4111-BFF1-608AECFC5880}"
EndProject
Project("{2150E333-8FDC-42A3-9474-1A3956D46DE8}") = "Core", "Core", "{231ABB34-A3A0-476C-A0B8-04856479E00E}"
EndProject
Project("{FAE04EC0-301F-11D3-BF4B-00C04F79EFBC}") = "DI.App", "src\Core\DI.App\DI.App.csproj", "{5935E572-613F-41FF-A2DA-1C4E1F6FE960}"
EndProject
Project("{9A19103F-16F7-4668-BE54-9A1E7A4F7556}") = "ViewModel.Interfaces", "src\ViewModel\ViewModel.Interfaces\ViewModel.Interfaces.csproj", "{76F23A53-0675-4C7A-AEA8-E5A94410960C}"
EndProject
Project("{2150E333-8FDC-42A3-9474-1A3956D46DE8}") = "Adapter", "Adapter", "{A046195E-DEA1-4D9E-8B85-0384B70FA2F1}"
EndProject
Project("{9A19103F-16F7-4668-BE54-9A1E7A4F7556}") = "Adapter.Interfaces", "src\Adapter\Adapter.Interfaces\Adapter.Interfaces.csproj", "{D4CC4A6B-3B1F-4AE1-AE9A-557AFEFF4A92}"
EndProject
Project("{9A19103F-16F7-4668-BE54-9A1E7A4F7556}") = "Adapter.Implementation", "src\Adapter\Adapter.Implementation\Adapter.Implementation.csproj", "{45974AF9-9748-4B24-B13D-C35A6969A5C4}"
EndProject
Project("{FAE04EC0-301F-11D3-BF4B-00C04F79EFBC}") = "Wfa.Console", "src\Wfa.Console\Wfa.Console.csproj", "{CAF6AF8F-CAA7-4E6F-9A16-378BDFACAC65}"
EndProject
Global
	GlobalSection(SolutionConfigurationPlatforms) = preSolution
		Debug|Any CPU = Debug|Any CPU
		Debug|ARM = Debug|ARM
		Debug|ARM64 = Debug|ARM64
		Debug|x64 = Debug|x64
		Debug|x86 = Debug|x86
		Release|Any CPU = Release|Any CPU
		Release|ARM = Release|ARM
		Release|ARM64 = Release|ARM64
		Release|x64 = Release|x64
		Release|x86 = Release|x86
	EndGlobalSection
	GlobalSection(ProjectConfigurationPlatforms) = postSolution
		{2E55291B-EF15-4C09-97C6-76C789EE7AD4}.Debug|Any CPU.ActiveCfg = Debug|x64
		{2E55291B-EF15-4C09-97C6-76C789EE7AD4}.Debug|Any CPU.Build.0 = Debug|x64
		{2E55291B-EF15-4C09-97C6-76C789EE7AD4}.Debug|Any CPU.Deploy.0 = Debug|x64
		{2E55291B-EF15-4C09-97C6-76C789EE7AD4}.Debug|ARM.ActiveCfg = Debug|x64
		{2E55291B-EF15-4C09-97C6-76C789EE7AD4}.Debug|ARM.Build.0 = Debug|x64
		{2E55291B-EF15-4C09-97C6-76C789EE7AD4}.Debug|ARM.Deploy.0 = Debug|x64
		{2E55291B-EF15-4C09-97C6-76C789EE7AD4}.Debug|ARM64.ActiveCfg = Debug|ARM64
		{2E55291B-EF15-4C09-97C6-76C789EE7AD4}.Debug|ARM64.Build.0 = Debug|ARM64
		{2E55291B-EF15-4C09-97C6-76C789EE7AD4}.Debug|ARM64.Deploy.0 = Debug|ARM64
		{2E55291B-EF15-4C09-97C6-76C789EE7AD4}.Debug|x64.ActiveCfg = Debug|x64
		{2E55291B-EF15-4C09-97C6-76C789EE7AD4}.Debug|x64.Build.0 = Debug|x64
		{2E55291B-EF15-4C09-97C6-76C789EE7AD4}.Debug|x64.Deploy.0 = Debug|x64
		{2E55291B-EF15-4C09-97C6-76C789EE7AD4}.Debug|x86.ActiveCfg = Debug|x86
		{2E55291B-EF15-4C09-97C6-76C789EE7AD4}.Debug|x86.Build.0 = Debug|x86
		{2E55291B-EF15-4C09-97C6-76C789EE7AD4}.Debug|x86.Deploy.0 = Debug|x86
		{2E55291B-EF15-4C09-97C6-76C789EE7AD4}.Release|Any CPU.ActiveCfg = Release|x64
		{2E55291B-EF15-4C09-97C6-76C789EE7AD4}.Release|Any CPU.Build.0 = Release|x64
		{2E55291B-EF15-4C09-97C6-76C789EE7AD4}.Release|Any CPU.Deploy.0 = Release|x64
		{2E55291B-EF15-4C09-97C6-76C789EE7AD4}.Release|ARM.ActiveCfg = Release|x64
		{2E55291B-EF15-4C09-97C6-76C789EE7AD4}.Release|ARM.Build.0 = Release|x64
		{2E55291B-EF15-4C09-97C6-76C789EE7AD4}.Release|ARM.Deploy.0 = Release|x64
		{2E55291B-EF15-4C09-97C6-76C789EE7AD4}.Release|ARM64.ActiveCfg = Release|ARM64
		{2E55291B-EF15-4C09-97C6-76C789EE7AD4}.Release|ARM64.Build.0 = Release|ARM64
		{2E55291B-EF15-4C09-97C6-76C789EE7AD4}.Release|ARM64.Deploy.0 = Release|ARM64
		{2E55291B-EF15-4C09-97C6-76C789EE7AD4}.Release|x64.ActiveCfg = Release|x64
		{2E55291B-EF15-4C09-97C6-76C789EE7AD4}.Release|x64.Build.0 = Release|x64
		{2E55291B-EF15-4C09-97C6-76C789EE7AD4}.Release|x64.Deploy.0 = Release|x64
		{2E55291B-EF15-4C09-97C6-76C789EE7AD4}.Release|x86.ActiveCfg = Release|x86
		{2E55291B-EF15-4C09-97C6-76C789EE7AD4}.Release|x86.Build.0 = Release|x86
		{2E55291B-EF15-4C09-97C6-76C789EE7AD4}.Release|x86.Deploy.0 = Release|x86
		{26A805E7-83CA-48B2-B2B3-3C786E6436BA}.Debug|Any CPU.ActiveCfg = Debug|Any CPU
		{26A805E7-83CA-48B2-B2B3-3C786E6436BA}.Debug|Any CPU.Build.0 = Debug|Any CPU
		{26A805E7-83CA-48B2-B2B3-3C786E6436BA}.Debug|ARM.ActiveCfg = Debug|Any CPU
		{26A805E7-83CA-48B2-B2B3-3C786E6436BA}.Debug|ARM.Build.0 = Debug|Any CPU
		{26A805E7-83CA-48B2-B2B3-3C786E6436BA}.Debug|ARM64.ActiveCfg = Debug|Any CPU
		{26A805E7-83CA-48B2-B2B3-3C786E6436BA}.Debug|ARM64.Build.0 = Debug|Any CPU
		{26A805E7-83CA-48B2-B2B3-3C786E6436BA}.Debug|x64.ActiveCfg = Debug|Any CPU
		{26A805E7-83CA-48B2-B2B3-3C786E6436BA}.Debug|x64.Build.0 = Debug|Any CPU
		{26A805E7-83CA-48B2-B2B3-3C786E6436BA}.Debug|x86.ActiveCfg = Debug|Any CPU
		{26A805E7-83CA-48B2-B2B3-3C786E6436BA}.Debug|x86.Build.0 = Debug|Any CPU
		{26A805E7-83CA-48B2-B2B3-3C786E6436BA}.Release|Any CPU.ActiveCfg = Release|Any CPU
		{26A805E7-83CA-48B2-B2B3-3C786E6436BA}.Release|Any CPU.Build.0 = Release|Any CPU
		{26A805E7-83CA-48B2-B2B3-3C786E6436BA}.Release|ARM.ActiveCfg = Release|Any CPU
		{26A805E7-83CA-48B2-B2B3-3C786E6436BA}.Release|ARM.Build.0 = Release|Any CPU
		{26A805E7-83CA-48B2-B2B3-3C786E6436BA}.Release|ARM64.ActiveCfg = Release|Any CPU
		{26A805E7-83CA-48B2-B2B3-3C786E6436BA}.Release|ARM64.Build.0 = Release|Any CPU
		{26A805E7-83CA-48B2-B2B3-3C786E6436BA}.Release|x64.ActiveCfg = Release|Any CPU
		{26A805E7-83CA-48B2-B2B3-3C786E6436BA}.Release|x64.Build.0 = Release|Any CPU
		{26A805E7-83CA-48B2-B2B3-3C786E6436BA}.Release|x86.ActiveCfg = Release|Any CPU
		{26A805E7-83CA-48B2-B2B3-3C786E6436BA}.Release|x86.Build.0 = Release|Any CPU
		{5D7D2218-2FB3-45D5-88FF-645F07809858}.Debug|Any CPU.ActiveCfg = Debug|Any CPU
		{5D7D2218-2FB3-45D5-88FF-645F07809858}.Debug|Any CPU.Build.0 = Debug|Any CPU
		{5D7D2218-2FB3-45D5-88FF-645F07809858}.Debug|ARM.ActiveCfg = Debug|Any CPU
		{5D7D2218-2FB3-45D5-88FF-645F07809858}.Debug|ARM.Build.0 = Debug|Any CPU
		{5D7D2218-2FB3-45D5-88FF-645F07809858}.Debug|ARM64.ActiveCfg = Debug|Any CPU
		{5D7D2218-2FB3-45D5-88FF-645F07809858}.Debug|ARM64.Build.0 = Debug|Any CPU
		{5D7D2218-2FB3-45D5-88FF-645F07809858}.Debug|x64.ActiveCfg = Debug|Any CPU
		{5D7D2218-2FB3-45D5-88FF-645F07809858}.Debug|x64.Build.0 = Debug|Any CPU
		{5D7D2218-2FB3-45D5-88FF-645F07809858}.Debug|x86.ActiveCfg = Debug|Any CPU
		{5D7D2218-2FB3-45D5-88FF-645F07809858}.Debug|x86.Build.0 = Debug|Any CPU
		{5D7D2218-2FB3-45D5-88FF-645F07809858}.Release|Any CPU.ActiveCfg = Release|Any CPU
		{5D7D2218-2FB3-45D5-88FF-645F07809858}.Release|Any CPU.Build.0 = Release|Any CPU
		{5D7D2218-2FB3-45D5-88FF-645F07809858}.Release|ARM.ActiveCfg = Release|Any CPU
		{5D7D2218-2FB3-45D5-88FF-645F07809858}.Release|ARM.Build.0 = Release|Any CPU
		{5D7D2218-2FB3-45D5-88FF-645F07809858}.Release|ARM64.ActiveCfg = Release|Any CPU
		{5D7D2218-2FB3-45D5-88FF-645F07809858}.Release|ARM64.Build.0 = Release|Any CPU
		{5D7D2218-2FB3-45D5-88FF-645F07809858}.Release|x64.ActiveCfg = Release|Any CPU
		{5D7D2218-2FB3-45D5-88FF-645F07809858}.Release|x64.Build.0 = Release|Any CPU
		{5D7D2218-2FB3-45D5-88FF-645F07809858}.Release|x86.ActiveCfg = Release|Any CPU
		{5D7D2218-2FB3-45D5-88FF-645F07809858}.Release|x86.Build.0 = Release|Any CPU
		{10E68C04-C482-4CB4-BE48-C93F78BE4462}.Debug|Any CPU.ActiveCfg = Debug|Any CPU
		{10E68C04-C482-4CB4-BE48-C93F78BE4462}.Debug|Any CPU.Build.0 = Debug|Any CPU
		{10E68C04-C482-4CB4-BE48-C93F78BE4462}.Debug|ARM.ActiveCfg = Debug|Any CPU
		{10E68C04-C482-4CB4-BE48-C93F78BE4462}.Debug|ARM.Build.0 = Debug|Any CPU
		{10E68C04-C482-4CB4-BE48-C93F78BE4462}.Debug|ARM64.ActiveCfg = Debug|Any CPU
		{10E68C04-C482-4CB4-BE48-C93F78BE4462}.Debug|ARM64.Build.0 = Debug|Any CPU
		{10E68C04-C482-4CB4-BE48-C93F78BE4462}.Debug|x64.ActiveCfg = Debug|Any CPU
		{10E68C04-C482-4CB4-BE48-C93F78BE4462}.Debug|x64.Build.0 = Debug|Any CPU
		{10E68C04-C482-4CB4-BE48-C93F78BE4462}.Debug|x86.ActiveCfg = Debug|Any CPU
		{10E68C04-C482-4CB4-BE48-C93F78BE4462}.Debug|x86.Build.0 = Debug|Any CPU
		{10E68C04-C482-4CB4-BE48-C93F78BE4462}.Release|Any CPU.ActiveCfg = Release|Any CPU
		{10E68C04-C482-4CB4-BE48-C93F78BE4462}.Release|Any CPU.Build.0 = Release|Any CPU
		{10E68C04-C482-4CB4-BE48-C93F78BE4462}.Release|ARM.ActiveCfg = Release|Any CPU
		{10E68C04-C482-4CB4-BE48-C93F78BE4462}.Release|ARM.Build.0 = Release|Any CPU
		{10E68C04-C482-4CB4-BE48-C93F78BE4462}.Release|ARM64.ActiveCfg = Release|Any CPU
		{10E68C04-C482-4CB4-BE48-C93F78BE4462}.Release|ARM64.Build.0 = Release|Any CPU
		{10E68C04-C482-4CB4-BE48-C93F78BE4462}.Release|x64.ActiveCfg = Release|Any CPU
		{10E68C04-C482-4CB4-BE48-C93F78BE4462}.Release|x64.Build.0 = Release|Any CPU
		{10E68C04-C482-4CB4-BE48-C93F78BE4462}.Release|x86.ActiveCfg = Release|Any CPU
		{10E68C04-C482-4CB4-BE48-C93F78BE4462}.Release|x86.Build.0 = Release|Any CPU
		{0DE55C85-3F66-4BBB-9440-79508B1EBFF1}.Debug|Any CPU.ActiveCfg = Debug|Any CPU
		{0DE55C85-3F66-4BBB-9440-79508B1EBFF1}.Debug|Any CPU.Build.0 = Debug|Any CPU
		{0DE55C85-3F66-4BBB-9440-79508B1EBFF1}.Debug|ARM.ActiveCfg = Debug|Any CPU
		{0DE55C85-3F66-4BBB-9440-79508B1EBFF1}.Debug|ARM.Build.0 = Debug|Any CPU
		{0DE55C85-3F66-4BBB-9440-79508B1EBFF1}.Debug|ARM64.ActiveCfg = Debug|Any CPU
		{0DE55C85-3F66-4BBB-9440-79508B1EBFF1}.Debug|ARM64.Build.0 = Debug|Any CPU
		{0DE55C85-3F66-4BBB-9440-79508B1EBFF1}.Debug|x64.ActiveCfg = Debug|Any CPU
		{0DE55C85-3F66-4BBB-9440-79508B1EBFF1}.Debug|x64.Build.0 = Debug|Any CPU
		{0DE55C85-3F66-4BBB-9440-79508B1EBFF1}.Debug|x86.ActiveCfg = Debug|Any CPU
		{0DE55C85-3F66-4BBB-9440-79508B1EBFF1}.Debug|x86.Build.0 = Debug|Any CPU
		{0DE55C85-3F66-4BBB-9440-79508B1EBFF1}.Release|Any CPU.ActiveCfg = Release|Any CPU
		{0DE55C85-3F66-4BBB-9440-79508B1EBFF1}.Release|Any CPU.Build.0 = Release|Any CPU
		{0DE55C85-3F66-4BBB-9440-79508B1EBFF1}.Release|ARM.ActiveCfg = Release|Any CPU
		{0DE55C85-3F66-4BBB-9440-79508B1EBFF1}.Release|ARM.Build.0 = Release|Any CPU
		{0DE55C85-3F66-4BBB-9440-79508B1EBFF1}.Release|ARM64.ActiveCfg = Release|Any CPU
		{0DE55C85-3F66-4BBB-9440-79508B1EBFF1}.Release|ARM64.Build.0 = Release|Any CPU
		{0DE55C85-3F66-4BBB-9440-79508B1EBFF1}.Release|x64.ActiveCfg = Release|Any CPU
		{0DE55C85-3F66-4BBB-9440-79508B1EBFF1}.Release|x64.Build.0 = Release|Any CPU
		{0DE55C85-3F66-4BBB-9440-79508B1EBFF1}.Release|x86.ActiveCfg = Release|Any CPU
		{0DE55C85-3F66-4BBB-9440-79508B1EBFF1}.Release|x86.Build.0 = Release|Any CPU
		{A03BF623-A01D-43F2-8FFE-131069E8C4CE}.Debug|Any CPU.ActiveCfg = Debug|Any CPU
		{A03BF623-A01D-43F2-8FFE-131069E8C4CE}.Debug|Any CPU.Build.0 = Debug|Any CPU
		{A03BF623-A01D-43F2-8FFE-131069E8C4CE}.Debug|ARM.ActiveCfg = Debug|Any CPU
		{A03BF623-A01D-43F2-8FFE-131069E8C4CE}.Debug|ARM.Build.0 = Debug|Any CPU
		{A03BF623-A01D-43F2-8FFE-131069E8C4CE}.Debug|ARM64.ActiveCfg = Debug|Any CPU
		{A03BF623-A01D-43F2-8FFE-131069E8C4CE}.Debug|ARM64.Build.0 = Debug|Any CPU
		{A03BF623-A01D-43F2-8FFE-131069E8C4CE}.Debug|x64.ActiveCfg = Debug|Any CPU
		{A03BF623-A01D-43F2-8FFE-131069E8C4CE}.Debug|x64.Build.0 = Debug|Any CPU
		{A03BF623-A01D-43F2-8FFE-131069E8C4CE}.Debug|x86.ActiveCfg = Debug|Any CPU
		{A03BF623-A01D-43F2-8FFE-131069E8C4CE}.Debug|x86.Build.0 = Debug|Any CPU
		{A03BF623-A01D-43F2-8FFE-131069E8C4CE}.Release|Any CPU.ActiveCfg = Release|Any CPU
		{A03BF623-A01D-43F2-8FFE-131069E8C4CE}.Release|Any CPU.Build.0 = Release|Any CPU
		{A03BF623-A01D-43F2-8FFE-131069E8C4CE}.Release|ARM.ActiveCfg = Release|Any CPU
		{A03BF623-A01D-43F2-8FFE-131069E8C4CE}.Release|ARM.Build.0 = Release|Any CPU
		{A03BF623-A01D-43F2-8FFE-131069E8C4CE}.Release|ARM64.ActiveCfg = Release|Any CPU
		{A03BF623-A01D-43F2-8FFE-131069E8C4CE}.Release|ARM64.Build.0 = Release|Any CPU
		{A03BF623-A01D-43F2-8FFE-131069E8C4CE}.Release|x64.ActiveCfg = Release|Any CPU
		{A03BF623-A01D-43F2-8FFE-131069E8C4CE}.Release|x64.Build.0 = Release|Any CPU
		{A03BF623-A01D-43F2-8FFE-131069E8C4CE}.Release|x86.ActiveCfg = Release|Any CPU
		{A03BF623-A01D-43F2-8FFE-131069E8C4CE}.Release|x86.Build.0 = Release|Any CPU
		{1D8683BF-5284-4FD2-8E57-8FDDAAFBDFFB}.Debug|Any CPU.ActiveCfg = Debug|Any CPU
		{1D8683BF-5284-4FD2-8E57-8FDDAAFBDFFB}.Debug|Any CPU.Build.0 = Debug|Any CPU
		{1D8683BF-5284-4FD2-8E57-8FDDAAFBDFFB}.Debug|ARM.ActiveCfg = Debug|Any CPU
		{1D8683BF-5284-4FD2-8E57-8FDDAAFBDFFB}.Debug|ARM.Build.0 = Debug|Any CPU
		{1D8683BF-5284-4FD2-8E57-8FDDAAFBDFFB}.Debug|ARM64.ActiveCfg = Debug|Any CPU
		{1D8683BF-5284-4FD2-8E57-8FDDAAFBDFFB}.Debug|ARM64.Build.0 = Debug|Any CPU
		{1D8683BF-5284-4FD2-8E57-8FDDAAFBDFFB}.Debug|x64.ActiveCfg = Debug|Any CPU
		{1D8683BF-5284-4FD2-8E57-8FDDAAFBDFFB}.Debug|x64.Build.0 = Debug|Any CPU
		{1D8683BF-5284-4FD2-8E57-8FDDAAFBDFFB}.Debug|x86.ActiveCfg = Debug|Any CPU
		{1D8683BF-5284-4FD2-8E57-8FDDAAFBDFFB}.Debug|x86.Build.0 = Debug|Any CPU
		{1D8683BF-5284-4FD2-8E57-8FDDAAFBDFFB}.Release|Any CPU.ActiveCfg = Release|Any CPU
		{1D8683BF-5284-4FD2-8E57-8FDDAAFBDFFB}.Release|Any CPU.Build.0 = Release|Any CPU
		{1D8683BF-5284-4FD2-8E57-8FDDAAFBDFFB}.Release|ARM.ActiveCfg = Release|Any CPU
		{1D8683BF-5284-4FD2-8E57-8FDDAAFBDFFB}.Release|ARM.Build.0 = Release|Any CPU
		{1D8683BF-5284-4FD2-8E57-8FDDAAFBDFFB}.Release|ARM64.ActiveCfg = Release|Any CPU
		{1D8683BF-5284-4FD2-8E57-8FDDAAFBDFFB}.Release|ARM64.Build.0 = Release|Any CPU
		{1D8683BF-5284-4FD2-8E57-8FDDAAFBDFFB}.Release|x64.ActiveCfg = Release|Any CPU
		{1D8683BF-5284-4FD2-8E57-8FDDAAFBDFFB}.Release|x64.Build.0 = Release|Any CPU
		{1D8683BF-5284-4FD2-8E57-8FDDAAFBDFFB}.Release|x86.ActiveCfg = Release|Any CPU
		{1D8683BF-5284-4FD2-8E57-8FDDAAFBDFFB}.Release|x86.Build.0 = Release|Any CPU
		{E3C2B2A0-D5AB-44AB-AD4A-3D0C72365C80}.Debug|Any CPU.ActiveCfg = Debug|Any CPU
		{E3C2B2A0-D5AB-44AB-AD4A-3D0C72365C80}.Debug|Any CPU.Build.0 = Debug|Any CPU
		{E3C2B2A0-D5AB-44AB-AD4A-3D0C72365C80}.Debug|ARM.ActiveCfg = Debug|Any CPU
		{E3C2B2A0-D5AB-44AB-AD4A-3D0C72365C80}.Debug|ARM.Build.0 = Debug|Any CPU
		{E3C2B2A0-D5AB-44AB-AD4A-3D0C72365C80}.Debug|ARM64.ActiveCfg = Debug|Any CPU
		{E3C2B2A0-D5AB-44AB-AD4A-3D0C72365C80}.Debug|ARM64.Build.0 = Debug|Any CPU
		{E3C2B2A0-D5AB-44AB-AD4A-3D0C72365C80}.Debug|x64.ActiveCfg = Debug|Any CPU
		{E3C2B2A0-D5AB-44AB-AD4A-3D0C72365C80}.Debug|x64.Build.0 = Debug|Any CPU
		{E3C2B2A0-D5AB-44AB-AD4A-3D0C72365C80}.Debug|x86.ActiveCfg = Debug|Any CPU
		{E3C2B2A0-D5AB-44AB-AD4A-3D0C72365C80}.Debug|x86.Build.0 = Debug|Any CPU
		{E3C2B2A0-D5AB-44AB-AD4A-3D0C72365C80}.Release|Any CPU.ActiveCfg = Release|Any CPU
		{E3C2B2A0-D5AB-44AB-AD4A-3D0C72365C80}.Release|Any CPU.Build.0 = Release|Any CPU
		{E3C2B2A0-D5AB-44AB-AD4A-3D0C72365C80}.Release|ARM.ActiveCfg = Release|Any CPU
		{E3C2B2A0-D5AB-44AB-AD4A-3D0C72365C80}.Release|ARM.Build.0 = Release|Any CPU
		{E3C2B2A0-D5AB-44AB-AD4A-3D0C72365C80}.Release|ARM64.ActiveCfg = Release|Any CPU
		{E3C2B2A0-D5AB-44AB-AD4A-3D0C72365C80}.Release|ARM64.Build.0 = Release|Any CPU
		{E3C2B2A0-D5AB-44AB-AD4A-3D0C72365C80}.Release|x64.ActiveCfg = Release|Any CPU
		{E3C2B2A0-D5AB-44AB-AD4A-3D0C72365C80}.Release|x64.Build.0 = Release|Any CPU
		{E3C2B2A0-D5AB-44AB-AD4A-3D0C72365C80}.Release|x86.ActiveCfg = Release|Any CPU
		{E3C2B2A0-D5AB-44AB-AD4A-3D0C72365C80}.Release|x86.Build.0 = Release|Any CPU
		{F1BB38A9-6C97-43C1-9DD0-D80D36ACA647}.Debug|Any CPU.ActiveCfg = Debug|x64
		{F1BB38A9-6C97-43C1-9DD0-D80D36ACA647}.Debug|Any CPU.Build.0 = Debug|x64
		{F1BB38A9-6C97-43C1-9DD0-D80D36ACA647}.Debug|ARM.ActiveCfg = Debug|x64
		{F1BB38A9-6C97-43C1-9DD0-D80D36ACA647}.Debug|ARM.Build.0 = Debug|x64
		{F1BB38A9-6C97-43C1-9DD0-D80D36ACA647}.Debug|ARM64.ActiveCfg = Debug|ARM64
		{F1BB38A9-6C97-43C1-9DD0-D80D36ACA647}.Debug|ARM64.Build.0 = Debug|ARM64
		{F1BB38A9-6C97-43C1-9DD0-D80D36ACA647}.Debug|x64.ActiveCfg = Debug|x64
		{F1BB38A9-6C97-43C1-9DD0-D80D36ACA647}.Debug|x64.Build.0 = Debug|x64
		{F1BB38A9-6C97-43C1-9DD0-D80D36ACA647}.Debug|x86.ActiveCfg = Debug|x86
		{F1BB38A9-6C97-43C1-9DD0-D80D36ACA647}.Debug|x86.Build.0 = Debug|x86
		{F1BB38A9-6C97-43C1-9DD0-D80D36ACA647}.Release|Any CPU.ActiveCfg = Release|x64
		{F1BB38A9-6C97-43C1-9DD0-D80D36ACA647}.Release|Any CPU.Build.0 = Release|x64
		{F1BB38A9-6C97-43C1-9DD0-D80D36ACA647}.Release|ARM.ActiveCfg = Release|x64
		{F1BB38A9-6C97-43C1-9DD0-D80D36ACA647}.Release|ARM.Build.0 = Release|x64
		{F1BB38A9-6C97-43C1-9DD0-D80D36ACA647}.Release|ARM64.ActiveCfg = Release|ARM64
		{F1BB38A9-6C97-43C1-9DD0-D80D36ACA647}.Release|ARM64.Build.0 = Release|ARM64
		{F1BB38A9-6C97-43C1-9DD0-D80D36ACA647}.Release|x64.ActiveCfg = Release|x64
		{F1BB38A9-6C97-43C1-9DD0-D80D36ACA647}.Release|x64.Build.0 = Release|x64
		{F1BB38A9-6C97-43C1-9DD0-D80D36ACA647}.Release|x86.ActiveCfg = Release|x86
		{F1BB38A9-6C97-43C1-9DD0-D80D36ACA647}.Release|x86.Build.0 = Release|x86
		{B8597B2C-983A-4111-BFF1-608AECFC5880}.Debug|Any CPU.ActiveCfg = Debug|Any CPU
		{B8597B2C-983A-4111-BFF1-608AECFC5880}.Debug|Any CPU.Build.0 = Debug|Any CPU
		{B8597B2C-983A-4111-BFF1-608AECFC5880}.Debug|ARM.ActiveCfg = Debug|ARM
		{B8597B2C-983A-4111-BFF1-608AECFC5880}.Debug|ARM.Build.0 = Debug|ARM
		{B8597B2C-983A-4111-BFF1-608AECFC5880}.Debug|ARM64.ActiveCfg = Debug|ARM64
		{B8597B2C-983A-4111-BFF1-608AECFC5880}.Debug|ARM64.Build.0 = Debug|ARM64
		{B8597B2C-983A-4111-BFF1-608AECFC5880}.Debug|x64.ActiveCfg = Debug|x64
		{B8597B2C-983A-4111-BFF1-608AECFC5880}.Debug|x64.Build.0 = Debug|x64
		{B8597B2C-983A-4111-BFF1-608AECFC5880}.Debug|x86.ActiveCfg = Debug|x86
		{B8597B2C-983A-4111-BFF1-608AECFC5880}.Debug|x86.Build.0 = Debug|x86
		{B8597B2C-983A-4111-BFF1-608AECFC5880}.Release|Any CPU.ActiveCfg = Release|Any CPU
		{B8597B2C-983A-4111-BFF1-608AECFC5880}.Release|Any CPU.Build.0 = Release|Any CPU
		{B8597B2C-983A-4111-BFF1-608AECFC5880}.Release|ARM.ActiveCfg = Release|ARM
		{B8597B2C-983A-4111-BFF1-608AECFC5880}.Release|ARM.Build.0 = Release|ARM
		{B8597B2C-983A-4111-BFF1-608AECFC5880}.Release|ARM64.ActiveCfg = Release|ARM64
		{B8597B2C-983A-4111-BFF1-608AECFC5880}.Release|ARM64.Build.0 = Release|ARM64
		{B8597B2C-983A-4111-BFF1-608AECFC5880}.Release|x64.ActiveCfg = Release|x64
		{B8597B2C-983A-4111-BFF1-608AECFC5880}.Release|x64.Build.0 = Release|x64
		{B8597B2C-983A-4111-BFF1-608AECFC5880}.Release|x86.ActiveCfg = Release|x86
		{B8597B2C-983A-4111-BFF1-608AECFC5880}.Release|x86.Build.0 = Release|x86
		{5935E572-613F-41FF-A2DA-1C4E1F6FE960}.Debug|Any CPU.ActiveCfg = Debug|Any CPU
		{5935E572-613F-41FF-A2DA-1C4E1F6FE960}.Debug|Any CPU.Build.0 = Debug|Any CPU
		{5935E572-613F-41FF-A2DA-1C4E1F6FE960}.Debug|ARM.ActiveCfg = Debug|ARM
		{5935E572-613F-41FF-A2DA-1C4E1F6FE960}.Debug|ARM.Build.0 = Debug|ARM
		{5935E572-613F-41FF-A2DA-1C4E1F6FE960}.Debug|ARM64.ActiveCfg = Debug|ARM64
		{5935E572-613F-41FF-A2DA-1C4E1F6FE960}.Debug|ARM64.Build.0 = Debug|ARM64
		{5935E572-613F-41FF-A2DA-1C4E1F6FE960}.Debug|x64.ActiveCfg = Debug|x64
		{5935E572-613F-41FF-A2DA-1C4E1F6FE960}.Debug|x64.Build.0 = Debug|x64
		{5935E572-613F-41FF-A2DA-1C4E1F6FE960}.Debug|x86.ActiveCfg = Debug|x86
		{5935E572-613F-41FF-A2DA-1C4E1F6FE960}.Debug|x86.Build.0 = Debug|x86
		{5935E572-613F-41FF-A2DA-1C4E1F6FE960}.Release|Any CPU.ActiveCfg = Release|Any CPU
		{5935E572-613F-41FF-A2DA-1C4E1F6FE960}.Release|Any CPU.Build.0 = Release|Any CPU
		{5935E572-613F-41FF-A2DA-1C4E1F6FE960}.Release|ARM.ActiveCfg = Release|ARM
		{5935E572-613F-41FF-A2DA-1C4E1F6FE960}.Release|ARM.Build.0 = Release|ARM
		{5935E572-613F-41FF-A2DA-1C4E1F6FE960}.Release|ARM64.ActiveCfg = Release|ARM64
		{5935E572-613F-41FF-A2DA-1C4E1F6FE960}.Release|ARM64.Build.0 = Release|ARM64
		{5935E572-613F-41FF-A2DA-1C4E1F6FE960}.Release|x64.ActiveCfg = Release|x64
		{5935E572-613F-41FF-A2DA-1C4E1F6FE960}.Release|x64.Build.0 = Release|x64
		{5935E572-613F-41FF-A2DA-1C4E1F6FE960}.Release|x86.ActiveCfg = Release|x86
		{5935E572-613F-41FF-A2DA-1C4E1F6FE960}.Release|x86.Build.0 = Release|x86
		{76F23A53-0675-4C7A-AEA8-E5A94410960C}.Debug|Any CPU.ActiveCfg = Debug|Any CPU
		{76F23A53-0675-4C7A-AEA8-E5A94410960C}.Debug|Any CPU.Build.0 = Debug|Any CPU
		{76F23A53-0675-4C7A-AEA8-E5A94410960C}.Debug|ARM.ActiveCfg = Debug|Any CPU
		{76F23A53-0675-4C7A-AEA8-E5A94410960C}.Debug|ARM.Build.0 = Debug|Any CPU
		{76F23A53-0675-4C7A-AEA8-E5A94410960C}.Debug|ARM64.ActiveCfg = Debug|Any CPU
		{76F23A53-0675-4C7A-AEA8-E5A94410960C}.Debug|ARM64.Build.0 = Debug|Any CPU
		{76F23A53-0675-4C7A-AEA8-E5A94410960C}.Debug|x64.ActiveCfg = Debug|Any CPU
		{76F23A53-0675-4C7A-AEA8-E5A94410960C}.Debug|x64.Build.0 = Debug|Any CPU
		{76F23A53-0675-4C7A-AEA8-E5A94410960C}.Debug|x86.ActiveCfg = Debug|Any CPU
		{76F23A53-0675-4C7A-AEA8-E5A94410960C}.Debug|x86.Build.0 = Debug|Any CPU
		{76F23A53-0675-4C7A-AEA8-E5A94410960C}.Release|Any CPU.ActiveCfg = Release|Any CPU
		{76F23A53-0675-4C7A-AEA8-E5A94410960C}.Release|Any CPU.Build.0 = Release|Any CPU
		{76F23A53-0675-4C7A-AEA8-E5A94410960C}.Release|ARM.ActiveCfg = Release|Any CPU
		{76F23A53-0675-4C7A-AEA8-E5A94410960C}.Release|ARM.Build.0 = Release|Any CPU
		{76F23A53-0675-4C7A-AEA8-E5A94410960C}.Release|ARM64.ActiveCfg = Release|Any CPU
		{76F23A53-0675-4C7A-AEA8-E5A94410960C}.Release|ARM64.Build.0 = Release|Any CPU
		{76F23A53-0675-4C7A-AEA8-E5A94410960C}.Release|x64.ActiveCfg = Release|Any CPU
		{76F23A53-0675-4C7A-AEA8-E5A94410960C}.Release|x64.Build.0 = Release|Any CPU
		{76F23A53-0675-4C7A-AEA8-E5A94410960C}.Release|x86.ActiveCfg = Release|Any CPU
		{76F23A53-0675-4C7A-AEA8-E5A94410960C}.Release|x86.Build.0 = Release|Any CPU
		{D4CC4A6B-3B1F-4AE1-AE9A-557AFEFF4A92}.Debug|Any CPU.ActiveCfg = Debug|Any CPU
		{D4CC4A6B-3B1F-4AE1-AE9A-557AFEFF4A92}.Debug|Any CPU.Build.0 = Debug|Any CPU
		{D4CC4A6B-3B1F-4AE1-AE9A-557AFEFF4A92}.Debug|ARM.ActiveCfg = Debug|Any CPU
		{D4CC4A6B-3B1F-4AE1-AE9A-557AFEFF4A92}.Debug|ARM.Build.0 = Debug|Any CPU
		{D4CC4A6B-3B1F-4AE1-AE9A-557AFEFF4A92}.Debug|ARM64.ActiveCfg = Debug|Any CPU
		{D4CC4A6B-3B1F-4AE1-AE9A-557AFEFF4A92}.Debug|ARM64.Build.0 = Debug|Any CPU
		{D4CC4A6B-3B1F-4AE1-AE9A-557AFEFF4A92}.Debug|x64.ActiveCfg = Debug|Any CPU
		{D4CC4A6B-3B1F-4AE1-AE9A-557AFEFF4A92}.Debug|x64.Build.0 = Debug|Any CPU
		{D4CC4A6B-3B1F-4AE1-AE9A-557AFEFF4A92}.Debug|x86.ActiveCfg = Debug|Any CPU
		{D4CC4A6B-3B1F-4AE1-AE9A-557AFEFF4A92}.Debug|x86.Build.0 = Debug|Any CPU
		{D4CC4A6B-3B1F-4AE1-AE9A-557AFEFF4A92}.Release|Any CPU.ActiveCfg = Release|Any CPU
		{D4CC4A6B-3B1F-4AE1-AE9A-557AFEFF4A92}.Release|Any CPU.Build.0 = Release|Any CPU
		{D4CC4A6B-3B1F-4AE1-AE9A-557AFEFF4A92}.Release|ARM.ActiveCfg = Release|Any CPU
		{D4CC4A6B-3B1F-4AE1-AE9A-557AFEFF4A92}.Release|ARM.Build.0 = Release|Any CPU
		{D4CC4A6B-3B1F-4AE1-AE9A-557AFEFF4A92}.Release|ARM64.ActiveCfg = Release|Any CPU
		{D4CC4A6B-3B1F-4AE1-AE9A-557AFEFF4A92}.Release|ARM64.Build.0 = Release|Any CPU
		{D4CC4A6B-3B1F-4AE1-AE9A-557AFEFF4A92}.Release|x64.ActiveCfg = Release|Any CPU
		{D4CC4A6B-3B1F-4AE1-AE9A-557AFEFF4A92}.Release|x64.Build.0 = Release|Any CPU
		{D4CC4A6B-3B1F-4AE1-AE9A-557AFEFF4A92}.Release|x86.ActiveCfg = Release|Any CPU
		{D4CC4A6B-3B1F-4AE1-AE9A-557AFEFF4A92}.Release|x86.Build.0 = Release|Any CPU
		{45974AF9-9748-4B24-B13D-C35A6969A5C4}.Debug|Any CPU.ActiveCfg = Debug|Any CPU
		{45974AF9-9748-4B24-B13D-C35A6969A5C4}.Debug|Any CPU.Build.0 = Debug|Any CPU
		{45974AF9-9748-4B24-B13D-C35A6969A5C4}.Debug|ARM.ActiveCfg = Debug|Any CPU
		{45974AF9-9748-4B24-B13D-C35A6969A5C4}.Debug|ARM.Build.0 = Debug|Any CPU
		{45974AF9-9748-4B24-B13D-C35A6969A5C4}.Debug|ARM64.ActiveCfg = Debug|Any CPU
		{45974AF9-9748-4B24-B13D-C35A6969A5C4}.Debug|ARM64.Build.0 = Debug|Any CPU
		{45974AF9-9748-4B24-B13D-C35A6969A5C4}.Debug|x64.ActiveCfg = Debug|Any CPU
		{45974AF9-9748-4B24-B13D-C35A6969A5C4}.Debug|x64.Build.0 = Debug|Any CPU
		{45974AF9-9748-4B24-B13D-C35A6969A5C4}.Debug|x86.ActiveCfg = Debug|Any CPU
		{45974AF9-9748-4B24-B13D-C35A6969A5C4}.Debug|x86.Build.0 = Debug|Any CPU
		{45974AF9-9748-4B24-B13D-C35A6969A5C4}.Release|Any CPU.ActiveCfg = Release|Any CPU
		{45974AF9-9748-4B24-B13D-C35A6969A5C4}.Release|Any CPU.Build.0 = Release|Any CPU
		{45974AF9-9748-4B24-B13D-C35A6969A5C4}.Release|ARM.ActiveCfg = Release|Any CPU
		{45974AF9-9748-4B24-B13D-C35A6969A5C4}.Release|ARM.Build.0 = Release|Any CPU
		{45974AF9-9748-4B24-B13D-C35A6969A5C4}.Release|ARM64.ActiveCfg = Release|Any CPU
		{45974AF9-9748-4B24-B13D-C35A6969A5C4}.Release|ARM64.Build.0 = Release|Any CPU
		{45974AF9-9748-4B24-B13D-C35A6969A5C4}.Release|x64.ActiveCfg = Release|Any CPU
		{45974AF9-9748-4B24-B13D-C35A6969A5C4}.Release|x64.Build.0 = Release|Any CPU
		{45974AF9-9748-4B24-B13D-C35A6969A5C4}.Release|x86.ActiveCfg = Release|Any CPU
		{45974AF9-9748-4B24-B13D-C35A6969A5C4}.Release|x86.Build.0 = Release|Any CPU
		{CAF6AF8F-CAA7-4E6F-9A16-378BDFACAC65}.Debug|Any CPU.ActiveCfg = Debug|Any CPU
		{CAF6AF8F-CAA7-4E6F-9A16-378BDFACAC65}.Debug|Any CPU.Build.0 = Debug|Any CPU
		{CAF6AF8F-CAA7-4E6F-9A16-378BDFACAC65}.Debug|ARM.ActiveCfg = Debug|Any CPU
		{CAF6AF8F-CAA7-4E6F-9A16-378BDFACAC65}.Debug|ARM.Build.0 = Debug|Any CPU
		{CAF6AF8F-CAA7-4E6F-9A16-378BDFACAC65}.Debug|ARM64.ActiveCfg = Debug|Any CPU
		{CAF6AF8F-CAA7-4E6F-9A16-378BDFACAC65}.Debug|ARM64.Build.0 = Debug|Any CPU
		{CAF6AF8F-CAA7-4E6F-9A16-378BDFACAC65}.Debug|x64.ActiveCfg = Debug|Any CPU
		{CAF6AF8F-CAA7-4E6F-9A16-378BDFACAC65}.Debug|x64.Build.0 = Debug|Any CPU
		{CAF6AF8F-CAA7-4E6F-9A16-378BDFACAC65}.Debug|x86.ActiveCfg = Debug|Any CPU
		{CAF6AF8F-CAA7-4E6F-9A16-378BDFACAC65}.Debug|x86.Build.0 = Debug|Any CPU
		{CAF6AF8F-CAA7-4E6F-9A16-378BDFACAC65}.Release|Any CPU.ActiveCfg = Release|Any CPU
		{CAF6AF8F-CAA7-4E6F-9A16-378BDFACAC65}.Release|Any CPU.Build.0 = Release|Any CPU
		{CAF6AF8F-CAA7-4E6F-9A16-378BDFACAC65}.Release|ARM.ActiveCfg = Release|Any CPU
		{CAF6AF8F-CAA7-4E6F-9A16-378BDFACAC65}.Release|ARM.Build.0 = Release|Any CPU
		{CAF6AF8F-CAA7-4E6F-9A16-378BDFACAC65}.Release|ARM64.ActiveCfg = Release|Any CPU
		{CAF6AF8F-CAA7-4E6F-9A16-378BDFACAC65}.Release|ARM64.Build.0 = Release|Any CPU
		{CAF6AF8F-CAA7-4E6F-9A16-378BDFACAC65}.Release|x64.ActiveCfg = Release|Any CPU
		{CAF6AF8F-CAA7-4E6F-9A16-378BDFACAC65}.Release|x64.Build.0 = Release|Any CPU
		{CAF6AF8F-CAA7-4E6F-9A16-378BDFACAC65}.Release|x86.ActiveCfg = Release|Any CPU
		{CAF6AF8F-CAA7-4E6F-9A16-378BDFACAC65}.Release|x86.Build.0 = Release|Any CPU
	EndGlobalSection
	GlobalSection(SolutionProperties) = preSolution
		HideSolutionNode = FALSE
	EndGlobalSection
	GlobalSection(NestedProjects) = preSolution
		{26A805E7-83CA-48B2-B2B3-3C786E6436BA} = {BF7FA383-A02C-456E-81C9-44E36BF60C38}
		{5D7D2218-2FB3-45D5-88FF-645F07809858} = {D136CA8D-8385-430A-98A8-A6E22D5DB666}
		{10E68C04-C482-4CB4-BE48-C93F78BE4462} = {D136CA8D-8385-430A-98A8-A6E22D5DB666}
		{0DE55C85-3F66-4BBB-9440-79508B1EBFF1} = {07E96B64-F3F9-483A-A5CA-BDD5F69622A2}
		{A03BF623-A01D-43F2-8FFE-131069E8C4CE} = {07E96B64-F3F9-483A-A5CA-BDD5F69622A2}
		{1D8683BF-5284-4FD2-8E57-8FDDAAFBDFFB} = {07E96B64-F3F9-483A-A5CA-BDD5F69622A2}
		{E3C2B2A0-D5AB-44AB-AD4A-3D0C72365C80} = {07E96B64-F3F9-483A-A5CA-BDD5F69622A2}
		{F1BB38A9-6C97-43C1-9DD0-D80D36ACA647} = {DA7F0E94-32B6-451A-AADE-11D4E83F2938}
		{B8597B2C-983A-4111-BFF1-608AECFC5880} = {BF7FA383-A02C-456E-81C9-44E36BF60C38}
		{5935E572-613F-41FF-A2DA-1C4E1F6FE960} = {231ABB34-A3A0-476C-A0B8-04856479E00E}
		{76F23A53-0675-4C7A-AEA8-E5A94410960C} = {DA7F0E94-32B6-451A-AADE-11D4E83F2938}
		{D4CC4A6B-3B1F-4AE1-AE9A-557AFEFF4A92} = {A046195E-DEA1-4D9E-8B85-0384B70FA2F1}
		{45974AF9-9748-4B24-B13D-C35A6969A5C4} = {A046195E-DEA1-4D9E-8B85-0384B70FA2F1}
	EndGlobalSection
	GlobalSection(ExtensibilityGlobals) = postSolution
		SolutionGuid = {88A799EB-A5FB-4521-AE45-B578BA15DD01}
	EndGlobalSection
EndGlobal
